
Microsoft Visual Studio Solution File, Format Version 12.00
# Visual Studio Version 17
VisualStudioVersion = 17.6.33712.159
MinimumVisualStudioVersion = 10.0.40219.1
Project("{FAE04EC0-301F-11D3-BF4B-00C04F79EFBC}") = "Manufacturing", "Manufacturing\Manufacturing.csproj", "{596AA6DF-EE25-429F-AFE1-4A999BC6E412}"
EndProject
Project("{FAE04EC0-301F-11D3-BF4B-00C04F79EFBC}") = "Manufacturing.Core", "Manufacturing.Core\Manufacturing.Core.csproj", "{D16A478F-6D33-4F0C-83B4-00195CABB360}"
EndProject
Global
	GlobalSection(SolutionConfigurationPlatforms) = preSolution
		Debug|Any CPU = Debug|Any CPU
		Release|Any CPU = Release|Any CPU
	EndGlobalSection
	GlobalSection(ProjectConfigurationPlatforms) = postSolution
		{596AA6DF-EE25-429F-AFE1-4A999BC6E412}.Debug|Any CPU.ActiveCfg = Debug|Any CPU
		{596AA6DF-EE25-429F-AFE1-4A999BC6E412}.Debug|Any CPU.Build.0 = Debug|Any CPU
		{596AA6DF-EE25-429F-AFE1-4A999BC6E412}.Release|Any CPU.ActiveCfg = Release|Any CPU
		{596AA6DF-EE25-429F-AFE1-4A999BC6E412}.Release|Any CPU.Build.0 = Release|Any CPU
		{D16A478F-6D33-4F0C-83B4-00195CABB360}.Debug|Any CPU.ActiveCfg = Debug|Any CPU
		{D16A478F-6D33-4F0C-83B4-00195CABB360}.Debug|Any CPU.Build.0 = Debug|Any CPU
		{D16A478F-6D33-4F0C-83B4-00195CABB360}.Release|Any CPU.ActiveCfg = Release|Any CPU
		{D16A478F-6D33-4F0C-83B4-00195CABB360}.Release|Any CPU.Build.0 = Release|Any CPU
	EndGlobalSection
	GlobalSection(SolutionProperties) = preSolution
		HideSolutionNode = FALSE
	EndGlobalSection
	GlobalSection(ExtensibilityGlobals) = postSolution
		SolutionGuid = {A4EB623C-543E-4E0F-8666-879545C99A4C}
	EndGlobalSection
EndGlobal
